{
  "originHash" : "44d34c7f1afab781d1b861a03929c876a35ce6d2d836c7b11dc30f1d7de79293",
  "pins" : [
    {
      "identity" : "ffmpeg-kit-spm",
      "kind" : "remoteSourceControl",
      "location" : "https://github.com/tylerjonesio/ffmpeg-kit-spm",
      "state" : {
        "branch" : "main",
        "revision" : "6053b0e4f8607314ff5e14e0b18fc250c0f87c9b"
      }
    },
    {
      "identity" : "libwebp-xcode",
      "kind" : "remoteSourceControl",
      "location" : "https://github.com/SDWebImage/libwebp-Xcode",
      "state" : {
        "revision" : "2b5256c29ff4e20f2a0d5ee863b62b1a22144434",
        "version" : "1.6.0"
      }
    }
  ],
  "version" : 3
}
